
Microsoft Visual Studio Solution File, Format Version 12.00
# Visual Studio 14
VisualStudioVersion = 14.0.24720.0
MinimumVisualStudioVersion = 10.0.40219.1
Project("{FAE04EC0-301F-11D3-BF4B-00C04F79EFBC}") = "SnakeGame", "SnakeGame\SnakeGame.csproj", "{D50E2A2B-EA43-4985-81A5-92676BD49A6F}"
EndProject
Global
	GlobalSection(SolutionConfigurationPlatforms) = preSolution
		Debug|Any CPU = Debug|Any CPU
		Release|Any CPU = Release|Any CPU
	EndGlobalSection
	GlobalSection(ProjectConfigurationPlatforms) = postSolution
		{D50E2A2B-EA43-4985-81A5-92676BD49A6F}.Debug|Any CPU.ActiveCfg = Debug|Any CPU
		{D50E2A2B-EA43-4985-81A5-92676BD49A6F}.Debug|Any CPU.Build.0 = Debug|Any CPU
		{D50E2A2B-EA43-4985-81A5-92676BD49A6F}.Release|Any CPU.ActiveCfg = Release|Any CPU
		{D50E2A2B-EA43-4985-81A5-92676BD49A6F}.Release|Any CPU.Build.0 = Release|Any CPU
	EndGlobalSection
	GlobalSection(SolutionProperties) = preSolution
		HideSolutionNode = FALSE
	EndGlobalSection
EndGlobal
